// !$*UTF8*$!
{
	archiveVersion = 1;
	classes = {
	};
	objectVersion = 46;
	objects = {

/* Begin PBXBuildFile section */
		FAAB1A2F1E379F0400CCD84E /* main.cpp in Sources */ = {isa = PBXBuildFile; fileRef = FAAB1A2E1E379F0400CCD84E /* main.cpp */; };
		FAAB1A371E37AB0D00CCD84E /* linkedlist.cpp in Sources */ = {isa = PBXBuildFile; fileRef = FAAB1A351E37AB0D00CCD84E /* linkedlist.cpp */; };
		FAAB1A3A1E380B8C00CCD84E /* fileloader.cpp in Sources */ = {isa = PBXBuildFile; fileRef = FAAB1A381E380B8C00CCD84E /* fileloader.cpp */; };
/* End PBXBuildFile section */

/* Begin PBXCopyFilesBuildPhase section */
		FAAB1A291E379F0400CCD84E /* CopyFiles */ = {
			isa = PBXCopyFilesBuildPhase;
			buildActionMask = 2147483647;
			dstPath = /usr/share/man/man1/;
			dstSubfolderSpec = 0;
			files = (
			);
			runOnlyForDeploymentPostprocessing = 1;
		};
/* End PBXCopyFilesBuildPhase section */

/* Begin PBXFileReference section */
		FA0CC3D21E42CDED0095B3E6 /* regexmatches.h */ = {isa = PBXFileReference; lastKnownFileType = sourcecode.c.h; path = regexmatches.h; sourceTree = "<group>"; };
		FAAB1A2B1E379F0400CCD84E /* linked-list-vi-clone */ = {isa = PBXFileReference; explicitFileType = "compiled.mach-o.executable"; includeInIndex = 0; path = "linked-list-vi-clone"; sourceTree = BUILT_PRODUCTS_DIR; };
		FAAB1A2E1E379F0400CCD84E /* main.cpp */ = {isa = PBXFileReference; lastKnownFileType = sourcecode.cpp.cpp; path = main.cpp; sourceTree = "<group>"; };
		FAAB1A351E37AB0D00CCD84E /* linkedlist.cpp */ = {isa = PBXFileReference; fileEncoding = 4; lastKnownFileType = sourcecode.cpp.cpp; path = linkedlist.cpp; sourceTree = "<group>"; };
		FAAB1A361E37AB0D00CCD84E /* linkedlist.hpp */ = {isa = PBXFileReference; fileEncoding = 4; lastKnownFileType = sourcecode.cpp.h; path = linkedlist.hpp; sourceTree = "<group>"; };
		FAAB1A381E380B8C00CCD84E /* fileloader.cpp */ = {isa = PBXFileReference; fileEncoding = 4; lastKnownFileType = sourcecode.cpp.cpp; path = fileloader.cpp; sourceTree = "<group>"; };
		FAAB1A391E380B8C00CCD84E /* fileloader.hpp */ = {isa = PBXFileReference; fileEncoding = 4; lastKnownFileType = sourcecode.cpp.h; path = fileloader.hpp; sourceTree = "<group>"; };
/* End PBXFileReference section */

/* Begin PBXFrameworksBuildPhase section */
		FAAB1A281E379F0400CCD84E /* Frameworks */ = {
			isa = PBXFrameworksBuildPhase;
			buildActionMask = 2147483647;
			files = (
			);
			runOnlyForDeploymentPostprocessing = 0;
		};
/* End PBXFrameworksBuildPhase section */

/* Begin PBXGroup section */
		FAAB1A221E379F0400CCD84E = {
			isa = PBXGroup;
			children = (
				FAAB1A2D1E379F0400CCD84E /* linked-list-vi-clone */,
				FAAB1A2C1E379F0400CCD84E /* Products */,
			);
			sourceTree = "<group>";
		};
		FAAB1A2C1E379F0400CCD84E /* Products */ = {
			isa = PBXGroup;
			children = (
				FAAB1A2B1E379F0400CCD84E /* linked-list-vi-clone */,
			);
			name = Products;
			sourceTree = "<group>";
		};
		FAAB1A2D1E379F0400CCD84E /* linked-list-vi-clone */ = {
			isa = PBXGroup;
			children = (
				FAAB1A2E1E379F0400CCD84E /* main.cpp */,
				FAAB1A381E380B8C00CCD84E /* fileloader.cpp */,
				FAAB1A391E380B8C00CCD84E /* fileloader.hpp */,
				FAAB1A351E37AB0D00CCD84E /* linkedlist.cpp */,
				FAAB1A361E37AB0D00CCD84E /* linkedlist.hpp */,
				FA0CC3D21E42CDED0095B3E6 /* regexmatches.h */,
			);
			path = "linked-list-vi-clone";
			sourceTree = "<group>";
		};
/* End PBXGroup section */

/* Begin PBXNativeTarget section */
		FAAB1A2A1E379F0400CCD84E /* linked-list-vi-clone */ = {
			isa = PBXNativeTarget;
			buildConfigurationList = FAAB1A321E379F0400CCD84E /* Build configuration list for PBXNativeTarget "linked-list-vi-clone" */;
			buildPhases = (
				FAAB1A271E379F0400CCD84E /* Sources */,
				FAAB1A281E379F0400CCD84E /* Frameworks */,
				FAAB1A291E379F0400CCD84E /* CopyFiles */,
			);
			buildRules = (
			);
			dependencies = (
			);
			name = "linked-list-vi-clone";
			productName = "linked-list-vi-clone";
			productReference = FAAB1A2B1E379F0400CCD84E /* linked-list-vi-clone */;
			productType = "com.apple.product-type.tool";
		};
/* End PBXNativeTarget section */

/* Begin PBXProject section */
		FAAB1A231E379F0400CCD84E /* Project object */ = {
			isa = PBXProject;
			attributes = {
				LastUpgradeCheck = 0820;
				ORGANIZATIONNAME = "Alexander Cochrane";
				TargetAttributes = {
					FAAB1A2A1E379F0400CCD84E = {
						CreatedOnToolsVersion = 8.2.1;
						ProvisioningStyle = Automatic;
					};
				};
			};
			buildConfigurationList = FAAB1A261E379F0400CCD84E /* Build configuration list for PBXProject "linked-list-vi-clone" */;
			compatibilityVersion = "Xcode 3.2";
			developmentRegion = English;
			hasScannedForEncodings = 0;
			knownRegions = (
				en,
			);
			mainGroup = FAAB1A221E379F0400CCD84E;
			productRefGroup = FAAB1A2C1E379F0400CCD84E /* Products */;
			projectDirPath = "";
			projectRoot = "";
			targets = (
				FAAB1A2A1E379F0400CCD84E /* linked-list-vi-clone */,
			);
		};
/* End PBXProject section */

/* Begin PBXSourcesBuildPhase section */
		FAAB1A271E379F0400CCD84E /* Sources */ = {
			isa = PBXSourcesBuildPhase;
			buildActionMask = 2147483647;
			files = (
				FAAB1A3A1E380B8C00CCD84E /* fileloader.cpp in Sources */,
				FAAB1A371E37AB0D00CCD84E /* linkedlist.cpp in Sources */,
				FAAB1A2F1E379F0400CCD84E /* main.cpp in Sources */,
			);
			runOnlyForDeploymentPostprocessing = 0;
		};
/* End PBXSourcesBuildPhase section */

/* Begin XCBuildConfiguration section */
		FAAB1A301E379F0400CCD84E /* Debug */ = {
			isa = XCBuildConfiguration;
			buildSettings = {
				ALWAYS_SEARCH_USER_PATHS = NO;
				CLANG_ANALYZER_NONNULL = YES;
				CLANG_CXX_LANGUAGE_STANDARD = "gnu++0x";
				CLANG_CXX_LIBRARY = "libc++";
				CLANG_ENABLE_MODULES = YES;
				CLANG_ENABLE_OBJC_ARC = YES;
				CLANG_WARN_BOOL_CONVERSION = YES;
				CLANG_WARN_CONSTANT_CONVERSION = YES;
				CLANG_WARN_DIRECT_OBJC_ISA_USAGE = YES_ERROR;
				CLANG_WARN_DOCUMENTATION_COMMENTS = YES;
				CLANG_WARN_EMPTY_BODY = YES;
				CLANG_WARN_ENUM_CONVERSION = YES;
				CLANG_WARN_INFINITE_RECURSION = YES;
				CLANG_WARN_INT_CONVERSION = YES;
				CLANG_WARN_OBJC_ROOT_CLASS = YES_ERROR;
				CLANG_WARN_SUSPICIOUS_MOVE = YES;
				CLANG_WARN_UNREACHABLE_CODE = YES;
				CLANG_WARN__DUPLICATE_METHOD_MATCH = YES;
				CODE_SIGN_IDENTITY = "-";
				COPY_PHASE_STRIP = NO;
				DEBUG_INFORMATION_FORMAT = dwarf;
				ENABLE_STRICT_OBJC_MSGSEND = YES;
				ENABLE_TESTABILITY = YES;
				GCC_C_LANGUAGE_STANDARD = gnu99;
				GCC_DYNAMIC_NO_PIC = NO;
				GCC_NO_COMMON_BLOCKS = YES;
				GCC_OPTIMIZATION_LEVEL = 0;
				GCC_PREPROCESSOR_DEFINITIONS = (
					"DEBUG=1",
					"$(inherited)",
				);
				GCC_WARN_64_TO_32_BIT_CONVERSION = YES;
				GCC_WARN_ABOUT_RETURN_TYPE = YES_ERROR;
				GCC_WARN_UNDECLARED_SELECTOR = YES;
				GCC_WARN_UNINITIALIZED_AUTOS = YES_AGGRESSIVE;
				GCC_WARN_UNUSED_FUNCTION = YES;
				GCC_WARN_UNUSED_VARIABLE = YES;
				MACOSX_DEPLOYMENT_TARGET = 10.12;
				MTL_ENABLE_DEBUG_INFO = YES;
				ONLY_ACTIVE_ARCH = YES;
				SDKROOT = macosx;
			};
			name = Debug;
		};
		FAAB1A311E379F0400CCD84E /* Release */ = {
			isa = XCBuildConfiguration;
			buildSettings = {
				ALWAYS_SEARCH_USER_PATHS = NO;
				CLANG_ANALYZER_NONNULL = YES;
				CLANG_CXX_LANGUAGE_STANDARD = "gnu++0x";
				CLANG_CXX_LIBRARY = "libc++";
				CLANG_ENABLE_MODULES = YES;
				CLANG_ENABLE_OBJC_ARC = YES;
				CLANG_WARN_BOOL_CONVERSION = YES;
				CLANG_WARN_CONSTANT_CONVERSION = YES;
				CLANG_WARN_DIRECT_OBJC_ISA_USAGE = YES_ERROR;
				CLANG_WARN_DOCUMENTATION_COMMENTS = YES;
				CLANG_WARN_EMPTY_BODY = YES;
				CLANG_WARN_ENUM_CONVERSION = YES;
				CLANG_WARN_INFINITE_RECURSION = YES;
				CLANG_WARN_INT_CONVERSION = YES;
				CLANG_WARN_OBJC_ROOT_CLASS = YES_ERROR;
				CLANG_WARN_SUSPICIOUS_MOVE = YES;
				CLANG_WARN_UNREACHABLE_CODE = YES;
				CLANG_WARN__DUPLICATE_METHOD_MATCH = YES;
				CODE_SIGN_IDENTITY = "-";
				COPY_PHASE_STRIP = NO;
				DEBUG_INFORMATION_FORMAT = "dwarf-with-dsym";
				ENABLE_NS_ASSERTIONS = NO;
				ENABLE_STRICT_OBJC_MSGSEND = YES;
				GCC_C_LANGUAGE_STANDARD = gnu99;
				GCC_NO_COMMON_BLOCKS = YES;
				GCC_WARN_64_TO_32_BIT_CONVERSION = YES;
				GCC_WARN_ABOUT_RETURN_TYPE = YES_ERROR;
				GCC_WARN_UNDECLARED_SELECTOR = YES;
				GCC_WARN_UNINITIALIZED_AUTOS = YES_AGGRESSIVE;
				GCC_WARN_UNUSED_FUNCTION = YES;
				GCC_WARN_UNUSED_VARIABLE = YES;
				MACOSX_DEPLOYMENT_TARGET = 10.12;
				MTL_ENABLE_DEBUG_INFO = NO;
				SDKROOT = macosx;
			};
			name = Release;
		};
		FAAB1A331E379F0400CCD84E /* Debug */ = {
			isa = XCBuildConfiguration;
			buildSettings = {
				PRODUCT_NAME = "$(TARGET_NAME)";
			};
			name = Debug;
		};
		FAAB1A341E379F0400CCD84E /* Release */ = {
			isa = XCBuildConfiguration;
			buildSettings = {
				PRODUCT_NAME = "$(TARGET_NAME)";
			};
			name = Release;
		};
/* End XCBuildConfiguration section */

/* Begin XCConfigurationList section */
		FAAB1A261E379F0400CCD84E /* Build configuration list for PBXProject "linked-list-vi-clone" */ = {
			isa = XCConfigurationList;
			buildConfigurations = (
				FAAB1A301E379F0400CCD84E /* Debug */,
				FAAB1A311E379F0400CCD84E /* Release */,
			);
			defaultConfigurationIsVisible = 0;
			defaultConfigurationName = Release;
		};
		FAAB1A321E379F0400CCD84E /* Build configuration list for PBXNativeTarget "linked-list-vi-clone" */ = {
			isa = XCConfigurationList;
			buildConfigurations = (
				FAAB1A331E379F0400CCD84E /* Debug */,
				FAAB1A341E379F0400CCD84E /* Release */,
			);
			defaultConfigurationIsVisible = 0;
			defaultConfigurationName = Release;
		};
/* End XCConfigurationList section */
	};
	rootObject = FAAB1A231E379F0400CCD84E /* Project object */;
}
